<?xml version="1.0" encoding="utf-8"?>
<Project ToolsVersion="4.0" xmlns="http://schemas.microsoft.com/developer/msbuild/2003">
  <ItemGroup>
    <Filter Include="Source Files">
      <UniqueIdentifier>{4FC737F1-C7A5-4376-A066-2A32D752A2FF}</UniqueIdentifier>
      <Extensions>cpp;c;cc;cxx;def;odl;idl;hpj;bat;asm;asmx</Extensions>
    </Filter>
    <Filter Include="Header Files">
      <UniqueIdentifier>{93995380-89BD-4b04-88EB-625FBE52EBFB}</UniqueIdentifier>
      <Extensions>h;hh;hpp;hxx;hm;inl;inc;xsd</Extensions>
    </Filter>
    <Filter Include="Resource Files">
      <UniqueIdentifier>{67DA6AB6-F800-4c08-8B7A-83BB121AAD01}</UniqueIdentifier>
      <Extensions>rc;ico;cur;bmp;dlg;rc2;rct;bin;rgs;gif;jpg;jpeg;jpe;resx;tiff;tif;png;wav;mfcribbon-ms</Extensions>
    </Filter>
  </ItemGroup>
  <ItemGroup>
    <ClCompile Include="src\main.cpp">
      <Filter>Source Files</Filter>
    </ClCompile>
    <ClCompile Include="levelEight.cpp">
      <Filter>Source Files</Filter>
    </ClCompile>
    <ClCompile Include="levelFive.cpp">
      <Filter>Source Files</Filter>
    </ClCompile>
    <ClCompile Include="LevelFour.cpp">
      <Filter>Source Files</Filter>
    </ClCompile>
    <ClCompile Include="levelNine.cpp">
      <Filter>Source Files</Filter>
    </ClCompile>
    <ClCompile Include="levelOne.cpp">
      <Filter>Source Files</Filter>
    </ClCompile>
    <ClCompile Include="levels.cpp">
      <Filter>Source Files</Filter>
    </ClCompile>
    <ClCompile Include="levelSeven.cpp">
      <Filter>Source Files</Filter>
    </ClCompile>
    <ClCompile Include="levelSix.cpp">
      <Filter>Source Files</Filter>
    </ClCompile>
    <ClCompile Include="levelTen.cpp">
      <Filter>Source Files</Filter>
    </ClCompile>
    <ClCompile Include="levelThree.cpp">
      <Filter>Source Files</Filter>
    </ClCompile>
    <ClCompile Include="levelTwo.cpp">
      <Filter>Source Files</Filter>
    </ClCompile>
  </ItemGroup>
  <ItemGroup>
    <ClInclude Include="include\levelEight.h">
      <Filter>Header Files</Filter>
    </ClInclude>
    <ClInclude Include="include\levelFive.h">
      <Filter>Header Files</Filter>
    </ClInclude>
    <ClInclude Include="include\levelFour.h">
      <Filter>Header Files</Filter>
    </ClInclude>
    <ClInclude Include="include\levelNine.h">
      <Filter>Header Files</Filter>
    </ClInclude>
    <ClInclude Include="include\levelOne.h">
      <Filter>Header Files</Filter>
    </ClInclude>
    <ClInclude Include="include\levels.h">
      <Filter>Header Files</Filter>
    </ClInclude>
    <ClInclude Include="include\levelSeven.h">
      <Filter>Header Files</Filter>
    </ClInclude>
    <ClInclude Include="include\levelSix.h">
      <Filter>Header Files</Filter>
    </ClInclude>
    <ClInclude Include="include\levelTen.h">
      <Filter>Header Files</Filter>
    </ClInclude>
    <ClInclude Include="include\levelThree.h">
      <Filter>Header Files</Filter>
    </ClInclude>
    <ClInclude Include="include\levelTwo.h">
      <Filter>Header Files</Filter>
    </ClInclude>
  </ItemGroup>
</Project>